
Microsoft Visual Studio Solution File, Format Version 12.00
# Visual Studio Version 16
VisualStudioVersion = 16.0.32126.315
MinimumVisualStudioVersion = 10.0.40219.1
Project("{9A19103F-16F7-4668-BE54-9A1E7A4F7556}") = "WordParse", "WordParse\WordParse.csproj", "{FDDF2AD0-FD3C-4D74-9667-F64D70624B1A}"
EndProject
Project("{FAE04EC0-301F-11D3-BF4B-00C04F79EFBC}") = "WordGuesser", "WordGuesser\WordGuesser.csproj", "{0E657E3B-0880-4A0A-B7EE-D4D5F8FC0C8E}"
EndProject
Global
	GlobalSection(SolutionConfigurationPlatforms) = preSolution
		Debug|Any CPU = Debug|Any CPU
		Release|Any CPU = Release|Any CPU
	EndGlobalSection
	GlobalSection(ProjectConfigurationPlatforms) = postSolution
		{FDDF2AD0-FD3C-4D74-9667-F64D70624B1A}.Debug|Any CPU.ActiveCfg = Debug|Any CPU
		{FDDF2AD0-FD3C-4D74-9667-F64D70624B1A}.Debug|Any CPU.Build.0 = Debug|Any CPU
		{FDDF2AD0-FD3C-4D74-9667-F64D70624B1A}.Release|Any CPU.ActiveCfg = Release|Any CPU
		{FDDF2AD0-FD3C-4D74-9667-F64D70624B1A}.Release|Any CPU.Build.0 = Release|Any CPU
		{0E657E3B-0880-4A0A-B7EE-D4D5F8FC0C8E}.Debug|Any CPU.ActiveCfg = Debug|Any CPU
		{0E657E3B-0880-4A0A-B7EE-D4D5F8FC0C8E}.Debug|Any CPU.Build.0 = Debug|Any CPU
		{0E657E3B-0880-4A0A-B7EE-D4D5F8FC0C8E}.Release|Any CPU.ActiveCfg = Release|Any CPU
		{0E657E3B-0880-4A0A-B7EE-D4D5F8FC0C8E}.Release|Any CPU.Build.0 = Release|Any CPU
	EndGlobalSection
	GlobalSection(SolutionProperties) = preSolution
		HideSolutionNode = FALSE
	EndGlobalSection
	GlobalSection(ExtensibilityGlobals) = postSolution
		SolutionGuid = {044EC198-ED0B-4D7A-99ED-E8149310285C}
	EndGlobalSection
EndGlobal
